
Microsoft Visual Studio Solution File, Format Version 12.00
# Visual Studio Version 17
VisualStudioVersion = 17.12.35521.163 d17.12
MinimumVisualStudioVersion = 10.0.40219.1
Project("{FAE04EC0-301F-11D3-BF4B-00C04F79EFBC}") = "API", "API\API.csproj", "{35053921-B2A3-4823-911F-EB051E5CC61C}"
EndProject
Project("{FAE04EC0-301F-11D3-BF4B-00C04F79EFBC}") = "Domain", "Domain\Domain.csproj", "{C37DAF66-ADDC-4E0C-A54C-DBA5A8DD9D86}"
EndProject
Project("{FAE04EC0-301F-11D3-BF4B-00C04F79EFBC}") = "Repository", "Repository\Repository.csproj", "{ACAC664E-ABE3-4AE1-A6ED-879B4121B44B}"
EndProject
Global
	GlobalSection(SolutionConfigurationPlatforms) = preSolution
		Debug|Any CPU = Debug|Any CPU
		Release|Any CPU = Release|Any CPU
	EndGlobalSection
	GlobalSection(ProjectConfigurationPlatforms) = postSolution
		{35053921-B2A3-4823-911F-EB051E5CC61C}.Debug|Any CPU.ActiveCfg = Debug|Any CPU
		{35053921-B2A3-4823-911F-EB051E5CC61C}.Debug|Any CPU.Build.0 = Debug|Any CPU
		{35053921-B2A3-4823-911F-EB051E5CC61C}.Release|Any CPU.ActiveCfg = Release|Any CPU
		{35053921-B2A3-4823-911F-EB051E5CC61C}.Release|Any CPU.Build.0 = Release|Any CPU
		{C37DAF66-ADDC-4E0C-A54C-DBA5A8DD9D86}.Debug|Any CPU.ActiveCfg = Debug|Any CPU
		{C37DAF66-ADDC-4E0C-A54C-DBA5A8DD9D86}.Debug|Any CPU.Build.0 = Debug|Any CPU
		{C37DAF66-ADDC-4E0C-A54C-DBA5A8DD9D86}.Release|Any CPU.ActiveCfg = Release|Any CPU
		{C37DAF66-ADDC-4E0C-A54C-DBA5A8DD9D86}.Release|Any CPU.Build.0 = Release|Any CPU
		{ACAC664E-ABE3-4AE1-A6ED-879B4121B44B}.Debug|Any CPU.ActiveCfg = Debug|Any CPU
		{ACAC664E-ABE3-4AE1-A6ED-879B4121B44B}.Debug|Any CPU.Build.0 = Debug|Any CPU
		{ACAC664E-ABE3-4AE1-A6ED-879B4121B44B}.Release|Any CPU.ActiveCfg = Release|Any CPU
		{ACAC664E-ABE3-4AE1-A6ED-879B4121B44B}.Release|Any CPU.Build.0 = Release|Any CPU
	EndGlobalSection
	GlobalSection(SolutionProperties) = preSolution
		HideSolutionNode = FALSE
	EndGlobalSection
EndGlobal
